
Microsoft Visual Studio Solution File, Format Version 12.00
# Visual Studio 2012
Project("{FAE04EC0-301F-11D3-BF4B-00C04F79EFBC}") = "Articles.Model", "Articles.Model\Articles.Model.csproj", "{38E8ECAA-CC27-4EC5-BB1C-1414682EAAC4}"
EndProject
Project("{FAE04EC0-301F-11D3-BF4B-00C04F79EFBC}") = "Articles.Model.UnitTests", "Articles.Model.UnitTests\Articles.Model.UnitTests.csproj", "{FAECE033-ED39-4308-B15E-3CAC0A5B96E3}"
EndProject
Global
	GlobalSection(SubversionScc) = preSolution
		Svn-Managed = True
		Manager = AnkhSVN - Subversion Support for Visual Studio
	EndGlobalSection
	GlobalSection(SolutionConfigurationPlatforms) = preSolution
		Debug|Any CPU = Debug|Any CPU
		Release|Any CPU = Release|Any CPU
	EndGlobalSection
	GlobalSection(ProjectConfigurationPlatforms) = postSolution
		{38E8ECAA-CC27-4EC5-BB1C-1414682EAAC4}.Debug|Any CPU.ActiveCfg = Debug|Any CPU
		{38E8ECAA-CC27-4EC5-BB1C-1414682EAAC4}.Debug|Any CPU.Build.0 = Debug|Any CPU
		{38E8ECAA-CC27-4EC5-BB1C-1414682EAAC4}.Release|Any CPU.ActiveCfg = Release|Any CPU
		{38E8ECAA-CC27-4EC5-BB1C-1414682EAAC4}.Release|Any CPU.Build.0 = Release|Any CPU
		{FAECE033-ED39-4308-B15E-3CAC0A5B96E3}.Debug|Any CPU.ActiveCfg = Debug|Any CPU
		{FAECE033-ED39-4308-B15E-3CAC0A5B96E3}.Debug|Any CPU.Build.0 = Debug|Any CPU
		{FAECE033-ED39-4308-B15E-3CAC0A5B96E3}.Release|Any CPU.ActiveCfg = Release|Any CPU
		{FAECE033-ED39-4308-B15E-3CAC0A5B96E3}.Release|Any CPU.Build.0 = Release|Any CPU
	EndGlobalSection
	GlobalSection(SolutionProperties) = preSolution
		HideSolutionNode = FALSE
	EndGlobalSection
EndGlobal
